
Microsoft Visual Studio Solution File, Format Version 12.00
# Visual Studio Version 16
VisualStudioVersion = 16.0.30104.148
MinimumVisualStudioVersion = 10.0.40219.1
Project("{FAE04EC0-301F-11D3-BF4B-00C04F79EFBC}") = "ShoesMakerWeb", "ShoesMakerWeb\ShoesMakerWeb.csproj", "{72A940DC-3869-4439-B250-B22B7A1FE92E}"
EndProject
Global
	GlobalSection(SolutionConfigurationPlatforms) = preSolution
		Debug|Any CPU = Debug|Any CPU
		Release|Any CPU = Release|Any CPU
	EndGlobalSection
	GlobalSection(ProjectConfigurationPlatforms) = postSolution
		{72A940DC-3869-4439-B250-B22B7A1FE92E}.Debug|Any CPU.ActiveCfg = Debug|Any CPU
		{72A940DC-3869-4439-B250-B22B7A1FE92E}.Debug|Any CPU.Build.0 = Debug|Any CPU
		{72A940DC-3869-4439-B250-B22B7A1FE92E}.Release|Any CPU.ActiveCfg = Release|Any CPU
		{72A940DC-3869-4439-B250-B22B7A1FE92E}.Release|Any CPU.Build.0 = Release|Any CPU
	EndGlobalSection
	GlobalSection(SolutionProperties) = preSolution
		HideSolutionNode = FALSE
	EndGlobalSection
	GlobalSection(ExtensibilityGlobals) = postSolution
		SolutionGuid = {C83AAA25-3189-4E0B-9789-7112DD41D124}
	EndGlobalSection
EndGlobal
